
Microsoft Visual Studio Solution File, Format Version 12.00
# Visual Studio Version 16
VisualStudioVersion = 16.0.29806.167
MinimumVisualStudioVersion = 10.0.40219.1
Project("{FAE04EC0-301F-11D3-BF4B-00C04F79EFBC}") = "attribute cshape", "attribute cshape.csproj", "{C42C38D2-7C81-4A4B-A462-5DF022CF08CE}"
EndProject
Global
	GlobalSection(SolutionConfigurationPlatforms) = preSolution
		Debug|Any CPU = Debug|Any CPU
		Release|Any CPU = Release|Any CPU
	EndGlobalSection
	GlobalSection(ProjectConfigurationPlatforms) = postSolution
		{C42C38D2-7C81-4A4B-A462-5DF022CF08CE}.Debug|Any CPU.ActiveCfg = Debug|Any CPU
		{C42C38D2-7C81-4A4B-A462-5DF022CF08CE}.Debug|Any CPU.Build.0 = Debug|Any CPU
		{C42C38D2-7C81-4A4B-A462-5DF022CF08CE}.Release|Any CPU.ActiveCfg = Release|Any CPU
		{C42C38D2-7C81-4A4B-A462-5DF022CF08CE}.Release|Any CPU.Build.0 = Release|Any CPU
	EndGlobalSection
	GlobalSection(SolutionProperties) = preSolution
		HideSolutionNode = FALSE
	EndGlobalSection
	GlobalSection(ExtensibilityGlobals) = postSolution
		SolutionGuid = {175BC91E-AF1C-41F6-85D1-CA9E42611C01}
	EndGlobalSection
EndGlobal
